Microsoft Visual Studio Solution File, Format Version 8.00
Project("{FAE04EC0-301F-11D3-BF4B-00C04F79EFBC}") = "RPVEditor", "RPVEditor.csproj", "{B29479DF-1CA2-4CCC-95A1-4F57EB9BC4FA}"
	ProjectSection(ProjectDependencies) = postProject
	EndProjectSection
EndProject
Project("{FAE04EC0-301F-11D3-BF4B-00C04F79EFBC}") = "RPVStitch", "RPVStitch.csproj", "{92BF0F77-5178-4D07-9DC3-1798470C27FC}"
	ProjectSection(ProjectDependencies) = postProject
	EndProjectSection
EndProject
Global
	GlobalSection(SolutionConfiguration) = preSolution
		Debug = Debug
		Release = Release
	EndGlobalSection
	GlobalSection(ProjectConfiguration) = postSolution
		{B29479DF-1CA2-4CCC-95A1-4F57EB9BC4FA}.Debug.ActiveCfg = Debug|.NET
		{B29479DF-1CA2-4CCC-95A1-4F57EB9BC4FA}.Debug.Build.0 = Debug|.NET
		{B29479DF-1CA2-4CCC-95A1-4F57EB9BC4FA}.Release.ActiveCfg = Release|.NET
		{B29479DF-1CA2-4CCC-95A1-4F57EB9BC4FA}.Release.Build.0 = Release|.NET
		{92BF0F77-5178-4D07-9DC3-1798470C27FC}.Debug.ActiveCfg = Debug|.NET
		{92BF0F77-5178-4D07-9DC3-1798470C27FC}.Debug.Build.0 = Debug|.NET
		{92BF0F77-5178-4D07-9DC3-1798470C27FC}.Release.ActiveCfg = Release|.NET
		{92BF0F77-5178-4D07-9DC3-1798470C27FC}.Release.Build.0 = Release|.NET
	EndGlobalSection
	GlobalSection(ExtensibilityGlobals) = postSolution
	EndGlobalSection
	GlobalSection(ExtensibilityAddIns) = postSolution
	EndGlobalSection
EndGlobal
