Microsoft Visual Studio Solution File, Format Version 8.00
Project("{FAE04EC0-301F-11D3-BF4B-00C04F79EFBC}") = "Razor", "Razor.csproj", "{B24E4FB1-4936-4544-9E88-F3FF9B04FDBA}"
	ProjectSection(ProjectDependencies) = postProject
	EndProjectSection
EndProject
Project("{8BC9CEB8-8B4A-11D0-8D11-00A0C91BC942}") = "Crypt", "Crypt\Crypt.vcproj", "{B32A4D9E-3AF1-4C75-989D-D62C4E8F08B1}"
	ProjectSection(ProjectDependencies) = postProject
		{B24E4FB1-4936-4544-9E88-F3FF9B04FDBA} = {B24E4FB1-4936-4544-9E88-F3FF9B04FDBA}
	EndProjectSection
EndProject
Project("{8BC9CEB8-8B4A-11D0-8D11-00A0C91BC942}") = "Loader", "Loader\Loader.vcproj", "{F308E8D5-2B4F-40AD-9BF7-9A8F5DDA420D}"
	ProjectSection(ProjectDependencies) = postProject
	EndProjectSection
EndProject
Project("{FAE04EC0-301F-11D3-BF4B-00C04F79EFBC}") = "Updater", "Updater\Updater.csproj", "{8AB99CD3-9582-4E68-BDEC-23F189A222B2}"
	ProjectSection(ProjectDependencies) = postProject
	EndProjectSection
EndProject
Global
	GlobalSection(SolutionConfiguration) = preSolution
		Debug = Debug
		Release = Release
	EndGlobalSection
	GlobalSection(ProjectConfiguration) = postSolution
		{B24E4FB1-4936-4544-9E88-F3FF9B04FDBA}.Debug.ActiveCfg = Debug|.NET
		{B24E4FB1-4936-4544-9E88-F3FF9B04FDBA}.Debug.Build.0 = Debug|.NET
		{B24E4FB1-4936-4544-9E88-F3FF9B04FDBA}.Release.ActiveCfg = Release|.NET
		{B24E4FB1-4936-4544-9E88-F3FF9B04FDBA}.Release.Build.0 = Release|.NET
		{B32A4D9E-3AF1-4C75-989D-D62C4E8F08B1}.Debug.ActiveCfg = Debug|Win32
		{B32A4D9E-3AF1-4C75-989D-D62C4E8F08B1}.Debug.Build.0 = Debug|Win32
		{B32A4D9E-3AF1-4C75-989D-D62C4E8F08B1}.Release.ActiveCfg = Release|Win32
		{B32A4D9E-3AF1-4C75-989D-D62C4E8F08B1}.Release.Build.0 = Release|Win32
		{F308E8D5-2B4F-40AD-9BF7-9A8F5DDA420D}.Debug.ActiveCfg = Release|Win32
		{F308E8D5-2B4F-40AD-9BF7-9A8F5DDA420D}.Debug.Build.0 = Release|Win32
		{F308E8D5-2B4F-40AD-9BF7-9A8F5DDA420D}.Release.ActiveCfg = Release|Win32
		{F308E8D5-2B4F-40AD-9BF7-9A8F5DDA420D}.Release.Build.0 = Release|Win32
		{8AB99CD3-9582-4E68-BDEC-23F189A222B2}.Debug.ActiveCfg = Debug|.NET
		{8AB99CD3-9582-4E68-BDEC-23F189A222B2}.Debug.Build.0 = Debug|.NET
		{8AB99CD3-9582-4E68-BDEC-23F189A222B2}.Release.ActiveCfg = Release|.NET
		{8AB99CD3-9582-4E68-BDEC-23F189A222B2}.Release.Build.0 = Release|.NET
	EndGlobalSection
	GlobalSection(ExtensibilityGlobals) = postSolution
	EndGlobalSection
	GlobalSection(ExtensibilityAddIns) = postSolution
	EndGlobalSection
EndGlobal
