Microsoft Visual Studio Solution File, Format Version 12.00
# Visual Studio 15
VisualStudioVersion = 15.0.26730.12
MinimumVisualStudioVersion = 10.0.40219.1
Project("{FAE04EC0-301F-11D3-BF4B-00C04F79EFBC}") = "Razor", "Razor\Razor.csproj", "{B24E4FB1-4936-4544-9E88-F3FF9B04FDBA}"
EndProject
Project("{8BC9CEB8-8B4A-11D0-8D11-00A0C91BC942}") = "Crypt", "Crypt\Crypt.vcxproj", "{B32A4D9E-3AF1-4C75-989D-D62C4E8F08B1}"
	ProjectSection(ProjectDependencies) = postProject
		{F308E8D5-2B4F-40AD-9BF7-9A8F5DDA420D} = {F308E8D5-2B4F-40AD-9BF7-9A8F5DDA420D}
		{5D66ACE6-B2A4-400F-B5A5-24525959AC5C} = {5D66ACE6-B2A4-400F-B5A5-24525959AC5C}
	EndProjectSection
EndProject
Project("{8BC9CEB8-8B4A-11D0-8D11-00A0C91BC942}") = "Loader", "Loader\Loader.vcxproj", "{F308E8D5-2B4F-40AD-9BF7-9A8F5DDA420D}"
EndProject
Project("{8BC9CEB8-8B4A-11D0-8D11-00A0C91BC942}") = "RPVOpenStub", "RPVOpenStub\RPVOpenStub.vcxproj", "{50A2CA7B-6CC4-4750-B373-0DF99F2FE18E}"
EndProject
Project("{FAE04EC0-301F-11D3-BF4B-00C04F79EFBC}") = "Ultima", "UltimaSDK\Ultima.csproj", "{5D66ACE6-B2A4-400F-B5A5-24525959AC5C}"
EndProject
Project("{2150E333-8FDC-42A3-9474-1A3956D46DE8}") = "Solution Items", "Solution Items", "{44ADAD77-7431-41DE-871C-F122478D39B2}"
	ProjectSection(SolutionItems) = preProject
		README.md = README.md
	EndProjectSection
EndProject
Global
	GlobalSection(SolutionConfigurationPlatforms) = preSolution
		Debug|x86 = Debug|x86
		Release|x86 = Release|x86
	EndGlobalSection
	GlobalSection(ProjectConfigurationPlatforms) = postSolution
		{B24E4FB1-4936-4544-9E88-F3FF9B04FDBA}.Debug|x86.ActiveCfg = Debug|x86
		{B24E4FB1-4936-4544-9E88-F3FF9B04FDBA}.Debug|x86.Build.0 = Debug|x86
		{B24E4FB1-4936-4544-9E88-F3FF9B04FDBA}.Release|x86.ActiveCfg = Release|x86
		{B24E4FB1-4936-4544-9E88-F3FF9B04FDBA}.Release|x86.Build.0 = Release|x86
		{B32A4D9E-3AF1-4C75-989D-D62C4E8F08B1}.Debug|x86.ActiveCfg = Debug|Win32
		{B32A4D9E-3AF1-4C75-989D-D62C4E8F08B1}.Debug|x86.Build.0 = Debug|Win32
		{B32A4D9E-3AF1-4C75-989D-D62C4E8F08B1}.Release|x86.ActiveCfg = Release|Win32
		{B32A4D9E-3AF1-4C75-989D-D62C4E8F08B1}.Release|x86.Build.0 = Release|Win32
		{F308E8D5-2B4F-40AD-9BF7-9A8F5DDA420D}.Debug|x86.ActiveCfg = Debug|Win32
		{F308E8D5-2B4F-40AD-9BF7-9A8F5DDA420D}.Debug|x86.Build.0 = Debug|Win32
		{F308E8D5-2B4F-40AD-9BF7-9A8F5DDA420D}.Release|x86.ActiveCfg = Release|Win32
		{F308E8D5-2B4F-40AD-9BF7-9A8F5DDA420D}.Release|x86.Build.0 = Release|Win32
		{50A2CA7B-6CC4-4750-B373-0DF99F2FE18E}.Debug|x86.ActiveCfg = Debug|Win32
		{50A2CA7B-6CC4-4750-B373-0DF99F2FE18E}.Debug|x86.Build.0 = Debug|Win32
		{50A2CA7B-6CC4-4750-B373-0DF99F2FE18E}.Release|x86.ActiveCfg = Release|Win32
		{50A2CA7B-6CC4-4750-B373-0DF99F2FE18E}.Release|x86.Build.0 = Release|Win32
		{5D66ACE6-B2A4-400F-B5A5-24525959AC5C}.Debug|x86.ActiveCfg = Debug|x86
		{5D66ACE6-B2A4-400F-B5A5-24525959AC5C}.Debug|x86.Build.0 = Debug|x86
		{5D66ACE6-B2A4-400F-B5A5-24525959AC5C}.Release|x86.ActiveCfg = Release|x86
		{5D66ACE6-B2A4-400F-B5A5-24525959AC5C}.Release|x86.Build.0 = Release|x86
	EndGlobalSection
	GlobalSection(SolutionProperties) = preSolution
		HideSolutionNode = FALSE
	EndGlobalSection
	GlobalSection(ExtensibilityGlobals) = postSolution
		SolutionGuid = {185AA9DC-62C1-4770-80D5-82AA7648EE75}
	EndGlobalSection
EndGlobal
