Microsoft Visual Studio Solution File, Format Version 12.00
# Visual Studio Version 16
VisualStudioVersion = 16.0.29102.190
MinimumVisualStudioVersion = 10.0.40219.1
Project("{FAE04EC0-301F-11D3-BF4B-00C04F79EFBC}") = "Razor", "Razor\Razor.csproj", "{B24E4FB1-4936-4544-9E88-F3FF9B04FDBA}"
EndProject
Project("{8BC9CEB8-8B4A-11D0-8D11-00A0C91BC942}") = "Crypt", "Crypt\Crypt.vcxproj", "{B32A4D9E-3AF1-4C75-989D-D62C4E8F08B1}"
	ProjectSection(ProjectDependencies) = postProject
		{F308E8D5-2B4F-40AD-9BF7-9A8F5DDA420D} = {F308E8D5-2B4F-40AD-9BF7-9A8F5DDA420D}
	EndProjectSection
EndProject
Project("{8BC9CEB8-8B4A-11D0-8D11-00A0C91BC942}") = "Loader", "Loader\Loader.vcxproj", "{F308E8D5-2B4F-40AD-9BF7-9A8F5DDA420D}"
EndProject
Project("{2150E333-8FDC-42A3-9474-1A3956D46DE8}") = "Solution Items", "Solution Items", "{44ADAD77-7431-41DE-871C-F122478D39B2}"
	ProjectSection(SolutionItems) = preProject
		appveyor.yml = appveyor.yml
		CODE_OF_CONDUCT.md = CODE_OF_CONDUCT.md
		CONTRIBUTING.md = CONTRIBUTING.md
		INSTALL.md = INSTALL.md
		LICENSE.md = LICENSE.md
		etc\Language\Razor_lang.enu = etc\Language\Razor_lang.enu
		README.md = README.md
	EndProjectSection
EndProject
Project("{8BC9CEB8-8B4A-11D0-8D11-00A0C91BC942}") = "Platform", "Platform\Platform.vcxproj", "{DB18390C-8AD4-4E69-8A5A-171260F7D74A}"
EndProject
Project("{FAE04EC0-301F-11D3-BF4B-00C04F79EFBC}") = "FastColoredTextBox", "FastColoredTextBox\FastColoredTextBox.csproj", "{6DD14A85-CCFC-4774-BD26-0F5772512319}"
EndProject
Global
	GlobalSection(SolutionConfigurationPlatforms) = preSolution
		Debug|Any CPU = Debug|Any CPU
		Debug|x64 = Debug|x64
		Debug|x86 = Debug|x86
		Release|Any CPU = Release|Any CPU
		Release|x64 = Release|x64
		Release|x86 = Release|x86
	EndGlobalSection
	GlobalSection(ProjectConfigurationPlatforms) = postSolution
		{B24E4FB1-4936-4544-9E88-F3FF9B04FDBA}.Debug|Any CPU.ActiveCfg = Debug|Any CPU
		{B24E4FB1-4936-4544-9E88-F3FF9B04FDBA}.Debug|Any CPU.Build.0 = Debug|Any CPU
		{B24E4FB1-4936-4544-9E88-F3FF9B04FDBA}.Debug|x64.ActiveCfg = Debug|x86
		{B24E4FB1-4936-4544-9E88-F3FF9B04FDBA}.Debug|x64.Build.0 = Debug|x86
		{B24E4FB1-4936-4544-9E88-F3FF9B04FDBA}.Debug|x86.ActiveCfg = Debug|x86
		{B24E4FB1-4936-4544-9E88-F3FF9B04FDBA}.Debug|x86.Build.0 = Debug|x86
		{B24E4FB1-4936-4544-9E88-F3FF9B04FDBA}.Release|Any CPU.ActiveCfg = Release|x86
		{B24E4FB1-4936-4544-9E88-F3FF9B04FDBA}.Release|Any CPU.Build.0 = Release|x86
		{B24E4FB1-4936-4544-9E88-F3FF9B04FDBA}.Release|x64.ActiveCfg = Release|Any CPU
		{B24E4FB1-4936-4544-9E88-F3FF9B04FDBA}.Release|x64.Build.0 = Release|Any CPU
		{B24E4FB1-4936-4544-9E88-F3FF9B04FDBA}.Release|x86.ActiveCfg = Release|x86
		{B24E4FB1-4936-4544-9E88-F3FF9B04FDBA}.Release|x86.Build.0 = Release|x86
		{B32A4D9E-3AF1-4C75-989D-D62C4E8F08B1}.Debug|Any CPU.ActiveCfg = Debug|Win32
		{B32A4D9E-3AF1-4C75-989D-D62C4E8F08B1}.Debug|Any CPU.Build.0 = Debug|Win32
		{B32A4D9E-3AF1-4C75-989D-D62C4E8F08B1}.Debug|x64.ActiveCfg = Debug|Win32
		{B32A4D9E-3AF1-4C75-989D-D62C4E8F08B1}.Debug|x86.ActiveCfg = Debug|Win32
		{B32A4D9E-3AF1-4C75-989D-D62C4E8F08B1}.Debug|x86.Build.0 = Debug|Win32
		{B32A4D9E-3AF1-4C75-989D-D62C4E8F08B1}.Release|Any CPU.ActiveCfg = Release|Win32
		{B32A4D9E-3AF1-4C75-989D-D62C4E8F08B1}.Release|Any CPU.Build.0 = Release|Win32
		{B32A4D9E-3AF1-4C75-989D-D62C4E8F08B1}.Release|x64.ActiveCfg = Release|Win32
		{B32A4D9E-3AF1-4C75-989D-D62C4E8F08B1}.Release|x86.ActiveCfg = Release|Win32
		{B32A4D9E-3AF1-4C75-989D-D62C4E8F08B1}.Release|x86.Build.0 = Release|Win32
		{F308E8D5-2B4F-40AD-9BF7-9A8F5DDA420D}.Debug|Any CPU.ActiveCfg = Debug|Win32
		{F308E8D5-2B4F-40AD-9BF7-9A8F5DDA420D}.Debug|Any CPU.Build.0 = Debug|Win32
		{F308E8D5-2B4F-40AD-9BF7-9A8F5DDA420D}.Debug|x64.ActiveCfg = Debug|Win32
		{F308E8D5-2B4F-40AD-9BF7-9A8F5DDA420D}.Debug|x86.ActiveCfg = Debug|Win32
		{F308E8D5-2B4F-40AD-9BF7-9A8F5DDA420D}.Debug|x86.Build.0 = Debug|Win32
		{F308E8D5-2B4F-40AD-9BF7-9A8F5DDA420D}.Release|Any CPU.ActiveCfg = Release|Win32
		{F308E8D5-2B4F-40AD-9BF7-9A8F5DDA420D}.Release|Any CPU.Build.0 = Release|Win32
		{F308E8D5-2B4F-40AD-9BF7-9A8F5DDA420D}.Release|x64.ActiveCfg = Release|Win32
		{F308E8D5-2B4F-40AD-9BF7-9A8F5DDA420D}.Release|x86.ActiveCfg = Release|Win32
		{F308E8D5-2B4F-40AD-9BF7-9A8F5DDA420D}.Release|x86.Build.0 = Release|Win32
		{DB18390C-8AD4-4E69-8A5A-171260F7D74A}.Debug|Any CPU.ActiveCfg = Debug|x64
		{DB18390C-8AD4-4E69-8A5A-171260F7D74A}.Debug|Any CPU.Build.0 = Debug|x64
		{DB18390C-8AD4-4E69-8A5A-171260F7D74A}.Debug|x64.ActiveCfg = Debug|x64
		{DB18390C-8AD4-4E69-8A5A-171260F7D74A}.Debug|x64.Build.0 = Debug|x64
		{DB18390C-8AD4-4E69-8A5A-171260F7D74A}.Debug|x86.ActiveCfg = Debug|Win32
		{DB18390C-8AD4-4E69-8A5A-171260F7D74A}.Debug|x86.Build.0 = Debug|Win32
		{DB18390C-8AD4-4E69-8A5A-171260F7D74A}.Release|Any CPU.ActiveCfg = Release|x64
		{DB18390C-8AD4-4E69-8A5A-171260F7D74A}.Release|Any CPU.Build.0 = Release|x64
		{DB18390C-8AD4-4E69-8A5A-171260F7D74A}.Release|x64.ActiveCfg = Release|x64
		{DB18390C-8AD4-4E69-8A5A-171260F7D74A}.Release|x64.Build.0 = Release|x64
		{DB18390C-8AD4-4E69-8A5A-171260F7D74A}.Release|x86.ActiveCfg = Release|Win32
		{DB18390C-8AD4-4E69-8A5A-171260F7D74A}.Release|x86.Build.0 = Release|Win32
		{6DD14A85-CCFC-4774-BD26-0F5772512319}.Debug|Any CPU.ActiveCfg = Debug|Any CPU
		{6DD14A85-CCFC-4774-BD26-0F5772512319}.Debug|Any CPU.Build.0 = Debug|Any CPU
		{6DD14A85-CCFC-4774-BD26-0F5772512319}.Debug|x64.ActiveCfg = Debug|x64
		{6DD14A85-CCFC-4774-BD26-0F5772512319}.Debug|x64.Build.0 = Debug|x64
		{6DD14A85-CCFC-4774-BD26-0F5772512319}.Debug|x86.ActiveCfg = Debug|Any CPU
		{6DD14A85-CCFC-4774-BD26-0F5772512319}.Debug|x86.Build.0 = Debug|Any CPU
		{6DD14A85-CCFC-4774-BD26-0F5772512319}.Release|Any CPU.ActiveCfg = Release|Any CPU
		{6DD14A85-CCFC-4774-BD26-0F5772512319}.Release|Any CPU.Build.0 = Release|Any CPU
		{6DD14A85-CCFC-4774-BD26-0F5772512319}.Release|x64.ActiveCfg = Release|x64
		{6DD14A85-CCFC-4774-BD26-0F5772512319}.Release|x64.Build.0 = Release|x64
		{6DD14A85-CCFC-4774-BD26-0F5772512319}.Release|x86.ActiveCfg = Release|Any CPU
		{6DD14A85-CCFC-4774-BD26-0F5772512319}.Release|x86.Build.0 = Release|Any CPU
	EndGlobalSection
	GlobalSection(SolutionProperties) = preSolution
		HideSolutionNode = FALSE
	EndGlobalSection
	GlobalSection(ExtensibilityGlobals) = postSolution
		SolutionGuid = {185AA9DC-62C1-4770-80D5-82AA7648EE75}
	EndGlobalSection
EndGlobal
