
Microsoft Visual Studio Solution File, Format Version 12.00
# Visual Studio 2012
Project("{FAE04EC0-301F-11D3-BF4B-00C04F79EFBC}") = "WinFormsSyntaxHighlighter", "WinFormsSyntaxHighlighter\WinFormsSyntaxHighlighter.csproj", "{A84B044A-F5DD-4220-BAFF-A18F17585E31}"
EndProject
Project("{FAE04EC0-301F-11D3-BF4B-00C04F79EFBC}") = "WinFormsSyntaxHighlighter.UI", "WinFormsSyntaxHighlighter.UI\WinFormsSyntaxHighlighter.UI.csproj", "{25F735D9-256F-49F4-A33B-319876858F98}"
EndProject
Global
	GlobalSection(SolutionConfigurationPlatforms) = preSolution
		Debug|Any CPU = Debug|Any CPU
		Release|Any CPU = Release|Any CPU
	EndGlobalSection
	GlobalSection(ProjectConfigurationPlatforms) = postSolution
		{A84B044A-F5DD-4220-BAFF-A18F17585E31}.Debug|Any CPU.ActiveCfg = Debug|Any CPU
		{A84B044A-F5DD-4220-BAFF-A18F17585E31}.Debug|Any CPU.Build.0 = Debug|Any CPU
		{A84B044A-F5DD-4220-BAFF-A18F17585E31}.Release|Any CPU.ActiveCfg = Release|Any CPU
		{A84B044A-F5DD-4220-BAFF-A18F17585E31}.Release|Any CPU.Build.0 = Release|Any CPU
		{25F735D9-256F-49F4-A33B-319876858F98}.Debug|Any CPU.ActiveCfg = Debug|Any CPU
		{25F735D9-256F-49F4-A33B-319876858F98}.Debug|Any CPU.Build.0 = Debug|Any CPU
		{25F735D9-256F-49F4-A33B-319876858F98}.Release|Any CPU.ActiveCfg = Release|Any CPU
		{25F735D9-256F-49F4-A33B-319876858F98}.Release|Any CPU.Build.0 = Release|Any CPU
	EndGlobalSection
	GlobalSection(SolutionProperties) = preSolution
		HideSolutionNode = FALSE
	EndGlobalSection
EndGlobal
